
Microsoft Visual Studio Solution File, Format Version 12.00
# Visual Studio Version 17
VisualStudioVersion = 17.4.33110.190
MinimumVisualStudioVersion = 10.0.40219.1
Project("{9A19103F-16F7-4668-BE54-9A1E7A4F7556}") = "Timestamps", "Timestamps\Timestamps.csproj", "{EB81ADE5-949E-4602-A437-AEB402C699D4}"
EndProject
Project("{FAE04EC0-301F-11D3-BF4B-00C04F79EFBC}") = "Test", "Test\Test.csproj", "{A6A97D12-77B3-4120-9978-BFC0C1971E07}"
EndProject
Global
	GlobalSection(SolutionConfigurationPlatforms) = preSolution
		Debug|Any CPU = Debug|Any CPU
		Release|Any CPU = Release|Any CPU
	EndGlobalSection
	GlobalSection(ProjectConfigurationPlatforms) = postSolution
		{EB81ADE5-949E-4602-A437-AEB402C699D4}.Debug|Any CPU.ActiveCfg = Debug|Any CPU
		{EB81ADE5-949E-4602-A437-AEB402C699D4}.Debug|Any CPU.Build.0 = Debug|Any CPU
		{EB81ADE5-949E-4602-A437-AEB402C699D4}.Release|Any CPU.ActiveCfg = Release|Any CPU
		{EB81ADE5-949E-4602-A437-AEB402C699D4}.Release|Any CPU.Build.0 = Release|Any CPU
		{A6A97D12-77B3-4120-9978-BFC0C1971E07}.Debug|Any CPU.ActiveCfg = Debug|Any CPU
		{A6A97D12-77B3-4120-9978-BFC0C1971E07}.Debug|Any CPU.Build.0 = Debug|Any CPU
		{A6A97D12-77B3-4120-9978-BFC0C1971E07}.Release|Any CPU.ActiveCfg = Release|Any CPU
		{A6A97D12-77B3-4120-9978-BFC0C1971E07}.Release|Any CPU.Build.0 = Release|Any CPU
	EndGlobalSection
	GlobalSection(SolutionProperties) = preSolution
		HideSolutionNode = FALSE
	EndGlobalSection
	GlobalSection(ExtensibilityGlobals) = postSolution
		SolutionGuid = {7C0ADEA4-FECC-4D4E-9FAA-3DB0BF86EA22}
	EndGlobalSection
EndGlobal
